
Microsoft Visual Studio Solution File, Format Version 12.00
# Visual Studio Version 16
VisualStudioVersion = 16.0.30204.135
MinimumVisualStudioVersion = 10.0.40219.1
Project("{FAE04EC0-301F-11D3-BF4B-00C04F79EFBC}") = "UseOfWebApiWithProject", "UseOfWebApiWithProject\UseOfWebApiWithProject.csproj", "{9520DA11-A852-4FFA-A030-DE6B14D228AD}"
EndProject
Global
	GlobalSection(SolutionConfigurationPlatforms) = preSolution
		Debug|Any CPU = Debug|Any CPU
		Release|Any CPU = Release|Any CPU
	EndGlobalSection
	GlobalSection(ProjectConfigurationPlatforms) = postSolution
		{9520DA11-A852-4FFA-A030-DE6B14D228AD}.Debug|Any CPU.ActiveCfg = Debug|Any CPU
		{9520DA11-A852-4FFA-A030-DE6B14D228AD}.Debug|Any CPU.Build.0 = Debug|Any CPU
		{9520DA11-A852-4FFA-A030-DE6B14D228AD}.Release|Any CPU.ActiveCfg = Release|Any CPU
		{9520DA11-A852-4FFA-A030-DE6B14D228AD}.Release|Any CPU.Build.0 = Release|Any CPU
	EndGlobalSection
	GlobalSection(SolutionProperties) = preSolution
		HideSolutionNode = FALSE
	EndGlobalSection
	GlobalSection(ExtensibilityGlobals) = postSolution
		SolutionGuid = {15669A5A-0F60-41A3-809E-84F3E1CC37FD}
	EndGlobalSection
EndGlobal
